github.com/ikawaha/kagome-dict v1.0.2/go.mod h1:JCwHr4WOrGRsC2cJU3751mJvL1hIAAZVeIrkl8n3jkk=
github.com/ikawaha/kagome-dict v1.0.3/go.mod h1:8Ma5E21J2kyaak6KumYLWGLKxm1kaAkCCWKWnrc5o/o=
github.com/ikawaha/kagome-dict v1.0.4 h1:sxRKBqQ5FiJKeQwhvUmtumFqCm+GvCYiKRVgA08OQ+w=
github.com/ikawaha/kagome-dict v1.0.4/go.mod h1:s6LsRECNl13K4miPTTG3/n6Pt7v3ClQfohMbK7qitzo=
github.com/ikawaha/kagome-dict/ipa v1.0.2/go.mod h1:CmdUPFC1ISLK+ycFo8J6jYFVngDMuXhWtcdz39jni3A=
github.com/ikawaha/kagome-dict/ipa v1.0.4 h1:+vXHnhfgwNdm/DU4KrPaiRHO4zUht0w0iK4EtkVfrL8=
github.com/ikawaha/kagome-dict/ipa v1.0.4/go.mod h1:zpMcAFSLDYEq+UI3GnF3IcZE5a0rKB2J0rrKGY6HYW8=
github.com/ikawaha/kagome-dict/uni v1.1.1/go.mod h1:iipUtdM9UhHIfaY7Hq1ITLVix5OBZf/FgxMYZpGe5fg=
github.com/ikawaha/kagome-dict/uni v1.1.3/go.mod h1:3rH19G7Fp+BQcRMv9GDwZzbXNkHttfcoOVdv9Pi+zyU=
github.com/ikawaha/kagome/v2 v2.4.4/go.mod h1:4yR0rtgtJwfOZsnxXx87R4i8An11v4Mj+V6dTcJmwr4=
github.com/ikawaha/kagome/v2 v2.7.0 h1:8FSQwHKgDptbqpIPlLzYn1ekIAQwe2NJ6q6QfyXwlC4=
github.com/ikawaha/kagome/v2 v2.7.0/go.mod h1:x7RC7TnFI5uOzxIPDcx9sJqV1vFE+3p+mJNcTVUGHjo=
github.com/kurehajime/dajarep v1.9.8 h1:sh/VeOjYD6J+8P/SRSOrCHByT4bMjB7iMuwisI+Took=
github.com/kurehajime/dajarep v1.9.8/go.mod h1:JqEbG6/4rmuQd+diOrJeLUcXPkDPiG3gG4DLQvzo6gQ=
golang.org/x/net v0.0.0-20220809184613-07c6da5e1ced h1:3dYNDff0VT5xj+mbj2XucFst9WKk6PdGOrb9n+SbIvw=
golang.org/x/net v0.0.0-20220809184613-07c6da5e1ced/go.mod h1:YDH+HFinaLZZlnHAfSS6ZXJJ9M9t4Dl22yv3iI2vPwk=
golang.org/x/sys v0.0.0-20210615035016-665e8c7367d1/go.mod h1:oPkhp1MJrh7nUepCBck5+mAzfO9JrbApNNgaTdGDITg=
golang.org/x/sys v0.0.0-20220728004956-3c1f35247d10/go.mod h1:oPkhp1MJrh7nUepCBck5+mAzfO9JrbApNNgaTdGDITg=
golang.org/x/term v0.0.0-20210927222741-03fcf44c2211/go.mod h1:jbD1KX2456YbFQfuXm/mYQcufACuNUgVhRMnK/tPxf8=
golang.org/x/text v0.3.4/go.mod h1:5Zoc/QRtKVWzQhOtBMvqHzDpF6irO9z98xDceosuGiQ=
golang.org/x/text v0.3.6/go.mod h1:5Zoc/QRtKVWzQhOtBMvqHzDpF6irO9z98xDceosuGiQ=
golang.org/x/text v0.3.7 h1:olpwvP2KacW1ZWvsR7uQhoyTYvKAupfQrRGBFM352Gk=
golang.org/x/text v0.3.7/go.mod h1:u+2+/6zg+i71rQMx5EYifcz6MCKuco9NR6JIITiCfzQ=
golang.org/x/tools v0.0.0-20180917221912-90fa682c2a6e/go.mod h1:n7NCudcB/nEzxVGmLbDWY5pfWTLqBcC2KZ6jyYvM4mQ=
